
Microsoft Visual Studio Solution File, Format Version 12.00
# Visual Studio Version 17
VisualStudioVersion = 17.14.36414.22
MinimumVisualStudioVersion = 10.0.40219.1
Project("{FAE04EC0-301F-11D3-BF4B-00C04F79EFBC}") = "Malin SSS AT2", "Malin SSS AT2.csproj", "{69C0FE69-C698-469D-B84B-960F66A18D45}"
EndProject
Project("{FAE04EC0-301F-11D3-BF4B-00C04F79EFBC}") = "AstroProcessorLib", "..\AstroLibrary\AstroProcessorLib.csproj", "{A5A630EB-52D4-4077-B1DC-797E8270164B}"
EndProject
Project("{FAE04EC0-301F-11D3-BF4B-00C04F79EFBC}") = "Astro.Contracts", "..\Astro.Contracts\Astro.Contracts.csproj", "{7453C3BE-04B1-46FB-8077-888A8C7AA64F}"
EndProject
Global
	GlobalSection(SolutionConfigurationPlatforms) = preSolution
		Debug|Any CPU = Debug|Any CPU
		Release|Any CPU = Release|Any CPU
	EndGlobalSection
	GlobalSection(ProjectConfigurationPlatforms) = postSolution
		{69C0FE69-C698-469D-B84B-960F66A18D45}.Debug|Any CPU.ActiveCfg = Debug|Any CPU
		{69C0FE69-C698-469D-B84B-960F66A18D45}.Debug|Any CPU.Build.0 = Debug|Any CPU
		{69C0FE69-C698-469D-B84B-960F66A18D45}.Release|Any CPU.ActiveCfg = Release|Any CPU
		{69C0FE69-C698-469D-B84B-960F66A18D45}.Release|Any CPU.Build.0 = Release|Any CPU
		{A5A630EB-52D4-4077-B1DC-797E8270164B}.Debug|Any CPU.ActiveCfg = Debug|Any CPU
		{A5A630EB-52D4-4077-B1DC-797E8270164B}.Debug|Any CPU.Build.0 = Debug|Any CPU
		{A5A630EB-52D4-4077-B1DC-797E8270164B}.Release|Any CPU.ActiveCfg = Release|Any CPU
		{A5A630EB-52D4-4077-B1DC-797E8270164B}.Release|Any CPU.Build.0 = Release|Any CPU
		{7453C3BE-04B1-46FB-8077-888A8C7AA64F}.Debug|Any CPU.ActiveCfg = Debug|Any CPU
		{7453C3BE-04B1-46FB-8077-888A8C7AA64F}.Debug|Any CPU.Build.0 = Debug|Any CPU
		{7453C3BE-04B1-46FB-8077-888A8C7AA64F}.Release|Any CPU.ActiveCfg = Release|Any CPU
		{7453C3BE-04B1-46FB-8077-888A8C7AA64F}.Release|Any CPU.Build.0 = Release|Any CPU
	EndGlobalSection
	GlobalSection(SolutionProperties) = preSolution
		HideSolutionNode = FALSE
	EndGlobalSection
	GlobalSection(ExtensibilityGlobals) = postSolution
		SolutionGuid = {6496EE16-6700-48BA-8F9D-2B703EB5BF0C}
	EndGlobalSection
EndGlobal
